
Microsoft Visual Studio Solution File, Format Version 12.00
# Visual Studio Version 17
VisualStudioVersion = 17.1.32328.378
MinimumVisualStudioVersion = 10.0.40219.1
Project("{9A19103F-16F7-4668-BE54-9A1E7A4F7556}") = "ForzaDSX", "ForzaDSX.csproj", "{1D4607E3-378B-4AC9-A223-B2EEB518DC3D}"
EndProject
Global
	GlobalSection(SolutionConfigurationPlatforms) = preSolution
		Debug|Any CPU = Debug|Any CPU
		Release|Any CPU = Release|Any CPU
	EndGlobalSection
	GlobalSection(ProjectConfigurationPlatforms) = postSolution
		{1D4607E3-378B-4AC9-A223-B2EEB518DC3D}.Debug|Any CPU.ActiveCfg = Debug|Any CPU
		{1D4607E3-378B-4AC9-A223-B2EEB518DC3D}.Debug|Any CPU.Build.0 = Debug|Any CPU
		{1D4607E3-378B-4AC9-A223-B2EEB518DC3D}.Release|Any CPU.ActiveCfg = Release|Any CPU
		{1D4607E3-378B-4AC9-A223-B2EEB518DC3D}.Release|Any CPU.Build.0 = Release|Any CPU
	EndGlobalSection
	GlobalSection(SolutionProperties) = preSolution
		HideSolutionNode = FALSE
	EndGlobalSection
	GlobalSection(ExtensibilityGlobals) = postSolution
		SolutionGuid = {314A8E45-D550-4CD8-9283-40C708C7E179}
	EndGlobalSection
EndGlobal
